
Microsoft Visual Studio Solution File, Format Version 12.00
# Visual Studio Version 17
VisualStudioVersion = 17.5.002.0
MinimumVisualStudioVersion = 10.0.40219.1
Project("{9A19103F-16F7-4668-BE54-9A1E7A4F7556}") = "FractionTests", "FractionTests.csproj", "{251EF700-717F-4167-BBE5-90513393853E}"
EndProject
Global
	GlobalSection(SolutionConfigurationPlatforms) = preSolution
		Debug|Any CPU = Debug|Any CPU
		Release|Any CPU = Release|Any CPU
	EndGlobalSection
	GlobalSection(ProjectConfigurationPlatforms) = postSolution
		{251EF700-717F-4167-BBE5-90513393853E}.Debug|Any CPU.ActiveCfg = Debug|Any CPU
		{251EF700-717F-4167-BBE5-90513393853E}.Debug|Any CPU.Build.0 = Debug|Any CPU
		{251EF700-717F-4167-BBE5-90513393853E}.Release|Any CPU.ActiveCfg = Release|Any CPU
		{251EF700-717F-4167-BBE5-90513393853E}.Release|Any CPU.Build.0 = Release|Any CPU
	EndGlobalSection
	GlobalSection(SolutionProperties) = preSolution
		HideSolutionNode = FALSE
	EndGlobalSection
	GlobalSection(ExtensibilityGlobals) = postSolution
		SolutionGuid = {F1561B47-E6CE-496B-A7A4-0AC35D64C184}
	EndGlobalSection
EndGlobal
